
Microsoft Visual Studio Solution File, Format Version 12.00
# Visual Studio Version 17
VisualStudioVersion = 17.7.34009.444
MinimumVisualStudioVersion = 10.0.40219.1
Project("{9A19103F-16F7-4668-BE54-9A1E7A4F7556}") = "BlazeKit", "src\BlazeKit\BlazeKit.csproj", "{93775A2B-DB61-4195-9A38-D0C6BEF80267}"
EndProject
Project("{9A19103F-16F7-4668-BE54-9A1E7A4F7556}") = "BlazeKit.Deployment.Vercel", "src\BlazeKit.Deployment.Vercel\BlazeKit.Deployment.Vercel.csproj", "{CB3D0D42-28F1-4AFA-8BC9-37A1523A4583}"
EndProject
Project("{9A19103F-16F7-4668-BE54-9A1E7A4F7556}") = "BlazeKit.Abstraction", "src\BlazeKit.Abstraction\BlazeKit.Abstraction.csproj", "{DD6DE816-D517-47D6-9EDB-3A30E0213BEC}"
EndProject
Project("{9A19103F-16F7-4668-BE54-9A1E7A4F7556}") = "BlazeKit.Core", "src\BlazeKit.Core\BlazeKit.Core.csproj", "{8D1E30BA-1E58-4910-B23F-A78991A37231}"
EndProject
Project("{2150E333-8FDC-42A3-9474-1A3956D46DE8}") = "Testing", "Testing", "{952B525D-297C-4F66-85E2-967C9982771F}"
EndProject
Project("{9A19103F-16F7-4668-BE54-9A1E7A4F7556}") = "BlazeKit.Tests", "tests\BlazeKit.Tests\BlazeKit.Tests.csproj", "{D466841A-00F1-4E37-BEB3-F7DEAF7EABB1}"
EndProject
Project("{9A19103F-16F7-4668-BE54-9A1E7A4F7556}") = "BlazeKit.Site", "src\BlazeKit.Site\BlazeKit.Site.csproj", "{5B629669-2E37-4FD9-9C5D-3ED46D58EB76}"
EndProject
Project("{9A19103F-16F7-4668-BE54-9A1E7A4F7556}") = "BlazeKit.CLI", "src\BlazeKit.CLI\BlazeKit.CLI.csproj", "{DB8B7420-B953-4385-8E5D-F2DD40BB5792}"
EndProject
Project("{2150E333-8FDC-42A3-9474-1A3956D46DE8}") = "Deployment", "Deployment", "{B5C21DC5-2745-4530-A317-F4CD52DBE22E}"
EndProject
Project("{9A19103F-16F7-4668-BE54-9A1E7A4F7556}") = "BlazeKit.Reactivity.Tests", "tests\BlazeKit.Reactivity.Tests\BlazeKit.Reactivity.Tests.csproj", "{4D98C97D-CFCC-4473-BFD8-B28DA3199EF6}"
EndProject
Project("{9A19103F-16F7-4668-BE54-9A1E7A4F7556}") = "_build", "build\_build.csproj", "{6B6EFC67-31B4-4D2E-98D5-1A731AF98B0B}"
EndProject
Project("{9A19103F-16F7-4668-BE54-9A1E7A4F7556}") = "BlazeKit.Reactivity", "src\BlazeKit.Reactivity\BlazeKit.Reactivity.csproj", "{3CD31A61-9A86-4D79-A7A6-B6A4AD0BF7D8}"
EndProject
Project("{9A19103F-16F7-4668-BE54-9A1E7A4F7556}") = "BlazeKit.Routing.TestApp", "tests\BlazeKit.Routing.TestApp\BlazeKit.Routing.TestApp.csproj", "{196C36B5-D580-4C2D-BDFF-AFD530255F2E}"
EndProject
Project("{2150E333-8FDC-42A3-9474-1A3956D46DE8}") = "src", "src", "{98E8084D-CE3D-429D-97B4-A7E41EDF1431}"
EndProject
Project("{9A19103F-16F7-4668-BE54-9A1E7A4F7556}") = "BlazeKit.Static", "src\BlazeKit.Static\BlazeKit.Static.csproj", "{B28BBCD3-5A90-447E-8BAD-D78D7517AAD7}"
EndProject
Project("{9A19103F-16F7-4668-BE54-9A1E7A4F7556}") = "BlazeKit.Website", "src\BlazeKit.Website\BlazeKit.Website.csproj", "{AB38EF74-D766-4A77-A7F2-EA8B74AEA495}"
EndProject
Project("{9A19103F-16F7-4668-BE54-9A1E7A4F7556}") = "BlazeKit.Website.Islands", "src\BlazeKit.Website.Islands\BlazeKit.Website.Islands.csproj", "{1C224EA5-8DE8-46E4-A0BE-20AEDB8ACB1D}"
EndProject
Project("{9A19103F-16F7-4668-BE54-9A1E7A4F7556}") = "BlazeKit.Web", "src\BlazeKit.Web\BlazeKit.Web.csproj", "{788D739C-CA07-4E74-9F13-F3DA1A49C3A5}"
EndProject
Project("{9A19103F-16F7-4668-BE54-9A1E7A4F7556}") = "BlazeKit.Hydration", "src\BlazeKit.Hydration\BlazeKit.Hydration.csproj", "{90DC8A52-7AD7-4C60-AEE8-5E1F11C1F4AD}"
EndProject
Global
	GlobalSection(SolutionConfigurationPlatforms) = preSolution
		Debug|Any CPU = Debug|Any CPU
		Release|Any CPU = Release|Any CPU
	EndGlobalSection
	GlobalSection(ProjectConfigurationPlatforms) = postSolution
		{93775A2B-DB61-4195-9A38-D0C6BEF80267}.Debug|Any CPU.ActiveCfg = Debug|Any CPU
		{93775A2B-DB61-4195-9A38-D0C6BEF80267}.Debug|Any CPU.Build.0 = Debug|Any CPU
		{93775A2B-DB61-4195-9A38-D0C6BEF80267}.Release|Any CPU.ActiveCfg = Release|Any CPU
		{93775A2B-DB61-4195-9A38-D0C6BEF80267}.Release|Any CPU.Build.0 = Release|Any CPU
		{CB3D0D42-28F1-4AFA-8BC9-37A1523A4583}.Debug|Any CPU.ActiveCfg = Debug|Any CPU
		{CB3D0D42-28F1-4AFA-8BC9-37A1523A4583}.Debug|Any CPU.Build.0 = Debug|Any CPU
		{CB3D0D42-28F1-4AFA-8BC9-37A1523A4583}.Release|Any CPU.ActiveCfg = Release|Any CPU
		{CB3D0D42-28F1-4AFA-8BC9-37A1523A4583}.Release|Any CPU.Build.0 = Release|Any CPU
		{DD6DE816-D517-47D6-9EDB-3A30E0213BEC}.Debug|Any CPU.ActiveCfg = Debug|Any CPU
		{DD6DE816-D517-47D6-9EDB-3A30E0213BEC}.Debug|Any CPU.Build.0 = Debug|Any CPU
		{DD6DE816-D517-47D6-9EDB-3A30E0213BEC}.Release|Any CPU.ActiveCfg = Release|Any CPU
		{DD6DE816-D517-47D6-9EDB-3A30E0213BEC}.Release|Any CPU.Build.0 = Release|Any CPU
		{8D1E30BA-1E58-4910-B23F-A78991A37231}.Debug|Any CPU.ActiveCfg = Debug|Any CPU
		{8D1E30BA-1E58-4910-B23F-A78991A37231}.Debug|Any CPU.Build.0 = Debug|Any CPU
		{8D1E30BA-1E58-4910-B23F-A78991A37231}.Release|Any CPU.ActiveCfg = Release|Any CPU
		{8D1E30BA-1E58-4910-B23F-A78991A37231}.Release|Any CPU.Build.0 = Release|Any CPU
		{D466841A-00F1-4E37-BEB3-F7DEAF7EABB1}.Debug|Any CPU.ActiveCfg = Debug|Any CPU
		{D466841A-00F1-4E37-BEB3-F7DEAF7EABB1}.Debug|Any CPU.Build.0 = Debug|Any CPU
		{D466841A-00F1-4E37-BEB3-F7DEAF7EABB1}.Release|Any CPU.ActiveCfg = Release|Any CPU
		{D466841A-00F1-4E37-BEB3-F7DEAF7EABB1}.Release|Any CPU.Build.0 = Release|Any CPU
		{5B629669-2E37-4FD9-9C5D-3ED46D58EB76}.Debug|Any CPU.ActiveCfg = Debug|Any CPU
		{5B629669-2E37-4FD9-9C5D-3ED46D58EB76}.Debug|Any CPU.Build.0 = Debug|Any CPU
		{5B629669-2E37-4FD9-9C5D-3ED46D58EB76}.Release|Any CPU.ActiveCfg = Release|Any CPU
		{5B629669-2E37-4FD9-9C5D-3ED46D58EB76}.Release|Any CPU.Build.0 = Release|Any CPU
		{DB8B7420-B953-4385-8E5D-F2DD40BB5792}.Debug|Any CPU.ActiveCfg = Debug|Any CPU
		{DB8B7420-B953-4385-8E5D-F2DD40BB5792}.Debug|Any CPU.Build.0 = Debug|Any CPU
		{DB8B7420-B953-4385-8E5D-F2DD40BB5792}.Release|Any CPU.ActiveCfg = Release|Any CPU
		{DB8B7420-B953-4385-8E5D-F2DD40BB5792}.Release|Any CPU.Build.0 = Release|Any CPU
		{4D98C97D-CFCC-4473-BFD8-B28DA3199EF6}.Debug|Any CPU.ActiveCfg = Debug|Any CPU
		{4D98C97D-CFCC-4473-BFD8-B28DA3199EF6}.Debug|Any CPU.Build.0 = Debug|Any CPU
		{4D98C97D-CFCC-4473-BFD8-B28DA3199EF6}.Release|Any CPU.ActiveCfg = Release|Any CPU
		{4D98C97D-CFCC-4473-BFD8-B28DA3199EF6}.Release|Any CPU.Build.0 = Release|Any CPU
		{6B6EFC67-31B4-4D2E-98D5-1A731AF98B0B}.Debug|Any CPU.ActiveCfg = Debug|Any CPU
		{6B6EFC67-31B4-4D2E-98D5-1A731AF98B0B}.Release|Any CPU.ActiveCfg = Release|Any CPU
		{3CD31A61-9A86-4D79-A7A6-B6A4AD0BF7D8}.Debug|Any CPU.ActiveCfg = Debug|Any CPU
		{3CD31A61-9A86-4D79-A7A6-B6A4AD0BF7D8}.Debug|Any CPU.Build.0 = Debug|Any CPU
		{3CD31A61-9A86-4D79-A7A6-B6A4AD0BF7D8}.Release|Any CPU.ActiveCfg = Release|Any CPU
		{3CD31A61-9A86-4D79-A7A6-B6A4AD0BF7D8}.Release|Any CPU.Build.0 = Release|Any CPU
		{196C36B5-D580-4C2D-BDFF-AFD530255F2E}.Debug|Any CPU.ActiveCfg = Debug|Any CPU
		{196C36B5-D580-4C2D-BDFF-AFD530255F2E}.Debug|Any CPU.Build.0 = Debug|Any CPU
		{196C36B5-D580-4C2D-BDFF-AFD530255F2E}.Release|Any CPU.ActiveCfg = Release|Any CPU
		{196C36B5-D580-4C2D-BDFF-AFD530255F2E}.Release|Any CPU.Build.0 = Release|Any CPU
		{B28BBCD3-5A90-447E-8BAD-D78D7517AAD7}.Debug|Any CPU.ActiveCfg = Debug|Any CPU
		{B28BBCD3-5A90-447E-8BAD-D78D7517AAD7}.Debug|Any CPU.Build.0 = Debug|Any CPU
		{B28BBCD3-5A90-447E-8BAD-D78D7517AAD7}.Release|Any CPU.ActiveCfg = Release|Any CPU
		{B28BBCD3-5A90-447E-8BAD-D78D7517AAD7}.Release|Any CPU.Build.0 = Release|Any CPU
		{AB38EF74-D766-4A77-A7F2-EA8B74AEA495}.Debug|Any CPU.ActiveCfg = Debug|Any CPU
		{AB38EF74-D766-4A77-A7F2-EA8B74AEA495}.Debug|Any CPU.Build.0 = Debug|Any CPU
		{AB38EF74-D766-4A77-A7F2-EA8B74AEA495}.Release|Any CPU.ActiveCfg = Release|Any CPU
		{AB38EF74-D766-4A77-A7F2-EA8B74AEA495}.Release|Any CPU.Build.0 = Release|Any CPU
		{1C224EA5-8DE8-46E4-A0BE-20AEDB8ACB1D}.Debug|Any CPU.ActiveCfg = Debug|Any CPU
		{1C224EA5-8DE8-46E4-A0BE-20AEDB8ACB1D}.Debug|Any CPU.Build.0 = Debug|Any CPU
		{1C224EA5-8DE8-46E4-A0BE-20AEDB8ACB1D}.Release|Any CPU.ActiveCfg = Release|Any CPU
		{1C224EA5-8DE8-46E4-A0BE-20AEDB8ACB1D}.Release|Any CPU.Build.0 = Release|Any CPU
		{788D739C-CA07-4E74-9F13-F3DA1A49C3A5}.Debug|Any CPU.ActiveCfg = Debug|Any CPU
		{788D739C-CA07-4E74-9F13-F3DA1A49C3A5}.Debug|Any CPU.Build.0 = Debug|Any CPU
		{788D739C-CA07-4E74-9F13-F3DA1A49C3A5}.Release|Any CPU.ActiveCfg = Release|Any CPU
		{788D739C-CA07-4E74-9F13-F3DA1A49C3A5}.Release|Any CPU.Build.0 = Release|Any CPU
		{90DC8A52-7AD7-4C60-AEE8-5E1F11C1F4AD}.Debug|Any CPU.ActiveCfg = Debug|Any CPU
		{90DC8A52-7AD7-4C60-AEE8-5E1F11C1F4AD}.Debug|Any CPU.Build.0 = Debug|Any CPU
		{90DC8A52-7AD7-4C60-AEE8-5E1F11C1F4AD}.Release|Any CPU.ActiveCfg = Release|Any CPU
		{90DC8A52-7AD7-4C60-AEE8-5E1F11C1F4AD}.Release|Any CPU.Build.0 = Release|Any CPU
	EndGlobalSection
	GlobalSection(SolutionProperties) = preSolution
		HideSolutionNode = FALSE
	EndGlobalSection
	GlobalSection(NestedProjects) = preSolution
		{CB3D0D42-28F1-4AFA-8BC9-37A1523A4583} = {B5C21DC5-2745-4530-A317-F4CD52DBE22E}
		{D466841A-00F1-4E37-BEB3-F7DEAF7EABB1} = {952B525D-297C-4F66-85E2-967C9982771F}
		{4D98C97D-CFCC-4473-BFD8-B28DA3199EF6} = {952B525D-297C-4F66-85E2-967C9982771F}
		{196C36B5-D580-4C2D-BDFF-AFD530255F2E} = {952B525D-297C-4F66-85E2-967C9982771F}
		{B28BBCD3-5A90-447E-8BAD-D78D7517AAD7} = {98E8084D-CE3D-429D-97B4-A7E41EDF1431}
		{AB38EF74-D766-4A77-A7F2-EA8B74AEA495} = {98E8084D-CE3D-429D-97B4-A7E41EDF1431}
		{1C224EA5-8DE8-46E4-A0BE-20AEDB8ACB1D} = {98E8084D-CE3D-429D-97B4-A7E41EDF1431}
		{788D739C-CA07-4E74-9F13-F3DA1A49C3A5} = {98E8084D-CE3D-429D-97B4-A7E41EDF1431}
	EndGlobalSection
	GlobalSection(ExtensibilityGlobals) = postSolution
		SolutionGuid = {8F0560BE-EE70-4DE3-8ACA-590A2B56C96A}
	EndGlobalSection
EndGlobal
