
Microsoft Visual Studio Solution File, Format Version 12.00
# Visual Studio Version 17
VisualStudioVersion = 17.5.002.0
MinimumVisualStudioVersion = 10.0.40219.1
Project("{9A19103F-16F7-4668-BE54-9A1E7A4F7556}") = "BlazeKit.Reactive.Tests", "BlazeKit.Reactive.Tests.csproj", "{E68493DA-5DC9-4D7E-B412-7BB9E918021D}"
EndProject
Global
	GlobalSection(SolutionConfigurationPlatforms) = preSolution
		Debug|Any CPU = Debug|Any CPU
		Release|Any CPU = Release|Any CPU
	EndGlobalSection
	GlobalSection(ProjectConfigurationPlatforms) = postSolution
		{E68493DA-5DC9-4D7E-B412-7BB9E918021D}.Debug|Any CPU.ActiveCfg = Debug|Any CPU
		{E68493DA-5DC9-4D7E-B412-7BB9E918021D}.Debug|Any CPU.Build.0 = Debug|Any CPU
		{E68493DA-5DC9-4D7E-B412-7BB9E918021D}.Release|Any CPU.ActiveCfg = Release|Any CPU
		{E68493DA-5DC9-4D7E-B412-7BB9E918021D}.Release|Any CPU.Build.0 = Release|Any CPU
	EndGlobalSection
	GlobalSection(SolutionProperties) = preSolution
		HideSolutionNode = FALSE
	EndGlobalSection
	GlobalSection(ExtensibilityGlobals) = postSolution
		SolutionGuid = {1A457ED7-E6C4-4709-BCDC-645B484A49B1}
	EndGlobalSection
EndGlobal
